
Microsoft Visual Studio Solution File, Format Version 12.00
# Visual Studio Version 17
VisualStudioVersion = 17.12.35707.178 d17.12
MinimumVisualStudioVersion = 10.0.40219.1
Project("{888888A0-9F3D-457C-B088-3A5042F75D52}") = "Week 2 Dag 5 Opdracht 2 Tekst opslaan in een bestand", "Week 2 Dag 5 Opdracht 2 Tekst opslaan in een bestand\Week 2 Dag 5 Opdracht 2 Tekst opslaan in een bestand.pyproj", "{280D700D-6A5A-44D3-876C-EDCBEC7AC1E3}"
EndProject
Global
	GlobalSection(SolutionConfigurationPlatforms) = preSolution
		Debug|Any CPU = Debug|Any CPU
		Release|Any CPU = Release|Any CPU
	EndGlobalSection
	GlobalSection(ProjectConfigurationPlatforms) = postSolution
		{280D700D-6A5A-44D3-876C-EDCBEC7AC1E3}.Debug|Any CPU.ActiveCfg = Debug|Any CPU
		{280D700D-6A5A-44D3-876C-EDCBEC7AC1E3}.Release|Any CPU.ActiveCfg = Release|Any CPU
	EndGlobalSection
	GlobalSection(SolutionProperties) = preSolution
		HideSolutionNode = FALSE
	EndGlobalSection
EndGlobal
